
Microsoft Visual Studio Solution File, Format Version 12.00
# Visual Studio Version 17
VisualStudioVersion = 17.3.32819.101
MinimumVisualStudioVersion = 10.0.40219.1
Project("{9A19103F-16F7-4668-BE54-9A1E7A4F7556}") = "Validations", "Validations.csproj", "{CE3689FC-7FFD-4B59-A9E6-0BA7D1225A83}"
EndProject
Global
	GlobalSection(SolutionConfigurationPlatforms) = preSolution
		Debug|Any CPU = Debug|Any CPU
		Release|Any CPU = Release|Any CPU
	EndGlobalSection
	GlobalSection(ProjectConfigurationPlatforms) = postSolution
		{CE3689FC-7FFD-4B59-A9E6-0BA7D1225A83}.Debug|Any CPU.ActiveCfg = Debug|Any CPU
		{CE3689FC-7FFD-4B59-A9E6-0BA7D1225A83}.Debug|Any CPU.Build.0 = Debug|Any CPU
		{CE3689FC-7FFD-4B59-A9E6-0BA7D1225A83}.Release|Any CPU.ActiveCfg = Release|Any CPU
		{CE3689FC-7FFD-4B59-A9E6-0BA7D1225A83}.Release|Any CPU.Build.0 = Release|Any CPU
	EndGlobalSection
	GlobalSection(SolutionProperties) = preSolution
		HideSolutionNode = FALSE
	EndGlobalSection
	GlobalSection(ExtensibilityGlobals) = postSolution
		SolutionGuid = {3008C36A-C3C5-4F94-8367-66DC34BE69D0}
	EndGlobalSection
EndGlobal
